
Microsoft Visual Studio Solution File, Format Version 12.00
# Visual Studio Version 17
VisualStudioVersion = 17.0.32014.148
MinimumVisualStudioVersion = 10.0.40219.1
Project("{9A19103F-16F7-4668-BE54-9A1E7A4F7556}") = "RiseSim", "RiseSim\RiseSim.csproj", "{937C0566-1603-4EEC-B7B7-01879494AD2E}"
EndProject
Project("{9A19103F-16F7-4668-BE54-9A1E7A4F7556}") = "SimModel", "SimModel\SimModel.csproj", "{FEBE0103-D760-47F5-B17B-20CACEC5AE9A}"
EndProject
Global
	GlobalSection(SolutionConfigurationPlatforms) = preSolution
		Debug|Any CPU = Debug|Any CPU
		Release|Any CPU = Release|Any CPU
		ReleaseWithSymbol|Any CPU = ReleaseWithSymbol|Any CPU
	EndGlobalSection
	GlobalSection(ProjectConfigurationPlatforms) = postSolution
		{937C0566-1603-4EEC-B7B7-01879494AD2E}.Debug|Any CPU.ActiveCfg = Debug|Any CPU
		{937C0566-1603-4EEC-B7B7-01879494AD2E}.Debug|Any CPU.Build.0 = Debug|Any CPU
		{937C0566-1603-4EEC-B7B7-01879494AD2E}.Release|Any CPU.ActiveCfg = Release|Any CPU
		{937C0566-1603-4EEC-B7B7-01879494AD2E}.Release|Any CPU.Build.0 = Release|Any CPU
		{937C0566-1603-4EEC-B7B7-01879494AD2E}.ReleaseWithSymbol|Any CPU.ActiveCfg = ReleaseWithSymbol|Any CPU
		{937C0566-1603-4EEC-B7B7-01879494AD2E}.ReleaseWithSymbol|Any CPU.Build.0 = ReleaseWithSymbol|Any CPU
		{FEBE0103-D760-47F5-B17B-20CACEC5AE9A}.Debug|Any CPU.ActiveCfg = Debug|Any CPU
		{FEBE0103-D760-47F5-B17B-20CACEC5AE9A}.Debug|Any CPU.Build.0 = Debug|Any CPU
		{FEBE0103-D760-47F5-B17B-20CACEC5AE9A}.Release|Any CPU.ActiveCfg = Release|Any CPU
		{FEBE0103-D760-47F5-B17B-20CACEC5AE9A}.Release|Any CPU.Build.0 = Release|Any CPU
		{FEBE0103-D760-47F5-B17B-20CACEC5AE9A}.ReleaseWithSymbol|Any CPU.ActiveCfg = ReleaseWithSymbol|Any CPU
		{FEBE0103-D760-47F5-B17B-20CACEC5AE9A}.ReleaseWithSymbol|Any CPU.Build.0 = ReleaseWithSymbol|Any CPU
	EndGlobalSection
	GlobalSection(SolutionProperties) = preSolution
		HideSolutionNode = FALSE
	EndGlobalSection
	GlobalSection(ExtensibilityGlobals) = postSolution
		SolutionGuid = {B6A2D5AA-4705-45FA-BA50-5D9B0B885D74}
	EndGlobalSection
EndGlobal
